
Microsoft Visual Studio Solution File, Format Version 12.00
# Visual Studio Version 17
VisualStudioVersion = 17.7.34024.191
MinimumVisualStudioVersion = 10.0.40219.1
Project("{FAE04EC0-301F-11D3-BF4B-00C04F79EFBC}") = "UncomplicatedCustomAbilities", "UncomplicatedCustomAbilities\UncomplicatedCustomAbilities.csproj", "{26E453AB-A56D-4A8C-8CF9-F6ADADB3E64A}"
EndProject
Global
	GlobalSection(SolutionConfigurationPlatforms) = preSolution
		Debug|Any CPU = Debug|Any CPU
		Release|Any CPU = Release|Any CPU
	EndGlobalSection
	GlobalSection(ProjectConfigurationPlatforms) = postSolution
		{26E453AB-A56D-4A8C-8CF9-F6ADADB3E64A}.Debug|Any CPU.ActiveCfg = Debug|Any CPU
		{26E453AB-A56D-4A8C-8CF9-F6ADADB3E64A}.Debug|Any CPU.Build.0 = Debug|Any CPU
		{26E453AB-A56D-4A8C-8CF9-F6ADADB3E64A}.Release|Any CPU.ActiveCfg = Release|Any CPU
		{26E453AB-A56D-4A8C-8CF9-F6ADADB3E64A}.Release|Any CPU.Build.0 = Release|Any CPU
	EndGlobalSection
	GlobalSection(SolutionProperties) = preSolution
		HideSolutionNode = FALSE
	EndGlobalSection
	GlobalSection(ExtensibilityGlobals) = postSolution
		SolutionGuid = {706CBA6D-D58C-44C6-978F-2BD3B273DF59}
	EndGlobalSection
EndGlobal
